// !$*UTF8*$!
{
	archiveVersion = 1;
	classes = {
	};
	objectVersion = 46;
	objects = {

/* Begin PBXBuildFile section */
		000A33CF19B19D030081182C /* Foundation.framework in Frameworks */ = {isa = PBXBuildFile; fileRef = 000A33CE19B19D030081182C /* Foundation.framework */; };
		000A33D119B19D030081182C /* CoreGraphics.framework in Frameworks */ = {isa = PBXBuildFile; fileRef = 000A33D019B19D030081182C /* CoreGraphics.framework */; };
		000A33D319B19D030081182C /* UIKit.framework in Frameworks */ = {isa = PBXBuildFile; fileRef = 000A33D219B19D030081182C /* UIKit.framework */; };
		000A33D919B19D030081182C /* InfoPlist.strings in Resources */ = {isa = PBXBuildFile; fileRef = 000A33D719B19D030081182C /* InfoPlist.strings */; };
		000A33DB19B19D030081182C /* main.m in Sources */ = {isa = PBXBuildFile; fileRef = 000A33DA19B19D030081182C /* main.m */; };
		000A33DF19B19D030081182C /* LFAppDelegate.m in Sources */ = {isa = PBXBuildFile; fileRef = 000A33DE19B19D030081182C /* LFAppDelegate.m */; };
		000A33E219B19D030081182C /* Main.storyboard in Resources */ = {isa = PBXBuildFile; fileRef = 000A33E019B19D030081182C /* Main.storyboard */; };
		000A33E719B19D030081182C /* Images.xcassets in Resources */ = {isa = PBXBuildFile; fileRef = 000A33E619B19D030081182C /* Images.xcassets */; };
		000A33EE19B19D030081182C /* XCTest.framework in Frameworks */ = {isa = PBXBuildFile; fileRef = 000A33ED19B19D030081182C /* XCTest.framework */; };
		000A33EF19B19D030081182C /* Foundation.framework in Frameworks */ = {isa = PBXBuildFile; fileRef = 000A33CE19B19D030081182C /* Foundation.framework */; };
		000A33F019B19D030081182C /* UIKit.framework in Frameworks */ = {isa = PBXBuildFile; fileRef = 000A33D219B19D030081182C /* UIKit.framework */; };
		000A33F819B19D030081182C /* InfoPlist.strings in Resources */ = {isa = PBXBuildFile; fileRef = 000A33F619B19D030081182C /* InfoPlist.strings */; };
		000A33FA19B19D030081182C /* LocationFetchPOCTests.m in Sources */ = {isa = PBXBuildFile; fileRef = 000A33F919B19D030081182C /* LocationFetchPOCTests.m */; };
		000A340819B19D660081182C /* LFViewController.m in Sources */ = {isa = PBXBuildFile; fileRef = 000A340519B19D660081182C /* LFViewController.m */; };
		000A340B19B19EA60081182C /* LFUserDataModel.m in Sources */ = {isa = PBXBuildFile; fileRef = 000A340A19B19EA60081182C /* LFUserDataModel.m */; };
		000A341319B1A4FC0081182C /* CoreLocation.framework in Frameworks */ = {isa = PBXBuildFile; fileRef = 000A341219B1A4FC0081182C /* CoreLocation.framework */; };
		0083B7ED19B4DFED007F254F /* AFHTTPRequestOperation.m in Sources */ = {isa = PBXBuildFile; fileRef = 0083B7DB19B4DFED007F254F /* AFHTTPRequestOperation.m */; };
		0083B7EE19B4DFED007F254F /* AFHTTPRequestOperationManager.m in Sources */ = {isa = PBXBuildFile; fileRef = 0083B7DD19B4DFED007F254F /* AFHTTPRequestOperationManager.m */; };
		0083B7EF19B4DFED007F254F /* AFHTTPSessionManager.m in Sources */ = {isa = PBXBuildFile; fileRef = 0083B7DF19B4DFED007F254F /* AFHTTPSessionManager.m */; };
		0083B7F019B4DFED007F254F /* AFNetworkReachabilityManager.m in Sources */ = {isa = PBXBuildFile; fileRef = 0083B7E219B4DFED007F254F /* AFNetworkReachabilityManager.m */; };
		0083B7F119B4DFED007F254F /* AFSecurityPolicy.m in Sources */ = {isa = PBXBuildFile; fileRef = 0083B7E419B4DFED007F254F /* AFSecurityPolicy.m */; };
		0083B7F219B4DFED007F254F /* AFURLConnectionOperation.m in Sources */ = {isa = PBXBuildFile; fileRef = 0083B7E619B4DFED007F254F /* AFURLConnectionOperation.m */; };
		0083B7F319B4DFED007F254F /* AFURLRequestSerialization.m in Sources */ = {isa = PBXBuildFile; fileRef = 0083B7E819B4DFED007F254F /* AFURLRequestSerialization.m */; };
		0083B7F419B4DFED007F254F /* AFURLResponseSerialization.m in Sources */ = {isa = PBXBuildFile; fileRef = 0083B7EA19B4DFED007F254F /* AFURLResponseSerialization.m */; };
		0083B7F519B4DFED007F254F /* AFURLSessionManager.m in Sources */ = {isa = PBXBuildFile; fileRef = 0083B7EC19B4DFED007F254F /* AFURLSessionManager.m */; };
		00E0516819B1DE2400F4D98D /* LFWebServiceClient.m in Sources */ = {isa = PBXBuildFile; fileRef = 00E0516719B1DE2400F4D98D /* LFWebServiceClient.m */; };
/* End PBXBuildFile section */

/* Begin PBXContainerItemProxy section */
		000A33F119B19D030081182C /* PBXContainerItemProxy */ = {
			isa = PBXContainerItemProxy;
			containerPortal = 000A33C319B19D030081182C /* Project object */;
			proxyType = 1;
			remoteGlobalIDString = 000A33CA19B19D030081182C;
			remoteInfo = LocationFetchPOC;
		};
/* End PBXContainerItemProxy section */

/* Begin PBXFileReference section */
		000A33CB19B19D030081182C /* LocationFetchPOC.app */ = {isa = PBXFileReference; explicitFileType = wrapper.application; includeInIndex = 0; path = LocationFetchPOC.app; sourceTree = BUILT_PRODUCTS_DIR; };
		000A33CE19B19D030081182C /* Foundation.framework */ = {isa = PBXFileReference; lastKnownFileType = wrapper.framework; name = Foundation.framework; path = System/Library/Frameworks/Foundation.framework; sourceTree = SDKROOT; };
		000A33D019B19D030081182C /* CoreGraphics.framework */ = {isa = PBXFileReference; lastKnownFileType = wrapper.framework; name = CoreGraphics.framework; path = System/Library/Frameworks/CoreGraphics.framework; sourceTree = SDKROOT; };
		000A33D219B19D030081182C /* UIKit.framework */ = {isa = PBXFileReference; lastKnownFileType = wrapper.framework; name = UIKit.framework; path = System/Library/Frameworks/UIKit.framework; sourceTree = SDKROOT; };
		000A33D619B19D030081182C /* LocationFetchPOC-Info.plist */ = {isa = PBXFileReference; lastKnownFileType = text.plist.xml; path = "LocationFetchPOC-Info.plist"; sourceTree = "<group>"; };
		000A33D819B19D030081182C /* en */ = {isa = PBXFileReference; lastKnownFileType = text.plist.strings; name = en; path = en.lproj/InfoPlist.strings; sourceTree = "<group>"; };
		000A33DA19B19D030081182C /* main.m */ = {isa = PBXFileReference; lastKnownFileType = sourcecode.c.objc; path = main.m; sourceTree = "<group>"; };
		000A33DC19B19D030081182C /* LocationFetchPOC-Prefix.pch */ = {isa = PBXFileReference; lastKnownFileType = sourcecode.c.h; path = "LocationFetchPOC-Prefix.pch"; sourceTree = "<group>"; };
		000A33DD19B19D030081182C /* LFAppDelegate.h */ = {isa = PBXFileReference; lastKnownFileType = sourcecode.c.h; path = LFAppDelegate.h; sourceTree = "<group>"; };
		000A33DE19B19D030081182C /* LFAppDelegate.m */ = {isa = PBXFileReference; lastKnownFileType = sourcecode.c.objc; path = LFAppDelegate.m; sourceTree = "<group>"; };
		000A33E119B19D030081182C /* Base */ = {isa = PBXFileReference; lastKnownFileType = file.storyboard; name = Base; path = Base.lproj/Main.storyboard; sourceTree = "<group>"; };
		000A33E619B19D030081182C /* Images.xcassets */ = {isa = PBXFileReference; lastKnownFileType = folder.assetcatalog; path = Images.xcassets; sourceTree = "<group>"; };
		000A33EC19B19D030081182C /* LocationFetchPOCTests.xctest */ = {isa = PBXFileReference; explicitFileType = wrapper.cfbundle; includeInIndex = 0; path = LocationFetchPOCTests.xctest; sourceTree = BUILT_PRODUCTS_DIR; };
		000A33ED19B19D030081182C /* XCTest.framework */ = {isa = PBXFileReference; lastKnownFileType = wrapper.framework; name = XCTest.framework; path = Library/Frameworks/XCTest.framework; sourceTree = DEVELOPER_DIR; };
		000A33F519B19D030081182C /* LocationFetchPOCTests-Info.plist */ = {isa = PBXFileReference; lastKnownFileType = text.plist.xml; path = "LocationFetchPOCTests-Info.plist"; sourceTree = "<group>"; };
		000A33F719B19D030081182C /* en */ = {isa = PBXFileReference; lastKnownFileType = text.plist.strings; name = en; path = en.lproj/InfoPlist.strings; sourceTree = "<group>"; };
		000A33F919B19D030081182C /* LocationFetchPOCTests.m */ = {isa = PBXFileReference; lastKnownFileType = sourcecode.c.objc; path = LocationFetchPOCTests.m; sourceTree = "<group>"; };
		000A340419B19D660081182C /* LFViewController.h */ = {isa = PBXFileReference; fileEncoding = 4; lastKnownFileType = sourcecode.c.h; path = LFViewController.h; sourceTree = "<group>"; };
		000A340519B19D660081182C /* LFViewController.m */ = {isa = PBXFileReference; fileEncoding = 4; lastKnownFileType = sourcecode.c.objc; path = LFViewController.m; sourceTree = "<group>"; };
		000A340919B19EA60081182C /* LFUserDataModel.h */ = {isa = PBXFileReference; fileEncoding = 4; lastKnownFileType = sourcecode.c.h; path = LFUserDataModel.h; sourceTree = "<group>"; };
		000A340A19B19EA60081182C /* LFUserDataModel.m */ = {isa = PBXFileReference; fileEncoding = 4; lastKnownFileType = sourcecode.c.objc; path = LFUserDataModel.m; sourceTree = "<group>"; };
		000A341119B19F4A0081182C /* LFAppConstatnts.h */ = {isa = PBXFileReference; lastKnownFileType = sourcecode.c.h; path = LFAppConstatnts.h; sourceTree = "<group>"; };
		000A341219B1A4FC0081182C /* CoreLocation.framework */ = {isa = PBXFileReference; lastKnownFileType = wrapper.framework; name = CoreLocation.framework; path = System/Library/Frameworks/CoreLocation.framework; sourceTree = SDKROOT; };
		0083B7DA19B4DFED007F254F /* AFHTTPRequestOperation.h */ = {isa = PBXFileReference; fileEncoding = 4; lastKnownFileType = sourcecode.c.h; path = AFHTTPRequestOperation.h; sourceTree = "<group>"; };
		0083B7DB19B4DFED007F254F /* AFHTTPRequestOperation.m */ = {isa = PBXFileReference; fileEncoding = 4; lastKnownFileType = sourcecode.c.objc; path = AFHTTPRequestOperation.m; sourceTree = "<group>"; };
		0083B7DC19B4DFED007F254F /* AFHTTPRequestOperationManager.h */ = {isa = PBXFileReference; fileEncoding = 4; lastKnownFileType = sourcecode.c.h; path = AFHTTPRequestOperationManager.h; sourceTree = "<group>"; };
		0083B7DD19B4DFED007F254F /* AFHTTPRequestOperationManager.m */ = {isa = PBXFileReference; fileEncoding = 4; lastKnownFileType = sourcecode.c.objc; path = AFHTTPRequestOperationManager.m; sourceTree = "<group>"; };
		0083B7DE19B4DFED007F254F /* AFHTTPSessionManager.h */ = {isa = PBXFileReference; fileEncoding = 4; lastKnownFileType = sourcecode.c.h; path = AFHTTPSessionManager.h; sourceTree = "<group>"; };
		0083B7DF19B4DFED007F254F /* AFHTTPSessionManager.m */ = {isa = PBXFileReference; fileEncoding = 4; lastKnownFileType = sourcecode.c.objc; path = AFHTTPSessionManager.m; sourceTree = "<group>"; };
		0083B7E019B4DFED007F254F /* AFNetworking.h */ = {isa = PBXFileReference; fileEncoding = 4; lastKnownFileType = sourcecode.c.h; path = AFNetworking.h; sourceTree = "<group>"; };
		0083B7E119B4DFED007F254F /* AFNetworkReachabilityManager.h */ = {isa = PBXFileReference; fileEncoding = 4; lastKnownFileType = sourcecode.c.h; path = AFNetworkReachabilityManager.h; sourceTree = "<group>"; };
		0083B7E219B4DFED007F254F /* AFNetworkReachabilityManager.m */ = {isa = PBXFileReference; fileEncoding = 4; lastKnownFileType = sourcecode.c.objc; path = AFNetworkReachabilityManager.m; sourceTree = "<group>"; };
		0083B7E319B4DFED007F254F /* AFSecurityPolicy.h */ = {isa = PBXFileReference; fileEncoding = 4; lastKnownFileType = sourcecode.c.h; path = AFSecurityPolicy.h; sourceTree = "<group>"; };
		0083B7E419B4DFED007F254F /* AFSecurityPolicy.m */ = {isa = PBXFileReference; fileEncoding = 4; lastKnownFileType = sourcecode.c.objc; path = AFSecurityPolicy.m; sourceTree = "<group>"; };
		0083B7E519B4DFED007F254F /* AFURLConnectionOperation.h */ = {isa = PBXFileReference; fileEncoding = 4; lastKnownFileType = sourcecode.c.h; path = AFURLConnectionOperation.h; sourceTree = "<group>"; };
		0083B7E619B4DFED007F254F /* AFURLConnectionOperation.m */ = {isa = PBXFileReference; fileEncoding = 4; lastKnownFileType = sourcecode.c.objc; path = AFURLConnectionOperation.m; sourceTree = "<group>"; };
		0083B7E719B4DFED007F254F /* AFURLRequestSerialization.h */ = {isa = PBXFileReference; fileEncoding = 4; lastKnownFileType = sourcecode.c.h; path = AFURLRequestSerialization.h; sourceTree = "<group>"; };
		0083B7E819B4DFED007F254F /* AFURLRequestSerialization.m */ = {isa = PBXFileReference; fileEncoding = 4; lastKnownFileType = sourcecode.c.objc; path = AFURLRequestSerialization.m; sourceTree = "<group>"; };
		0083B7E919B4DFED007F254F /* AFURLResponseSerialization.h */ = {isa = PBXFileReference; fileEncoding = 4; lastKnownFileType = sourcecode.c.h; path = AFURLResponseSerialization.h; sourceTree = "<group>"; };
		0083B7EA19B4DFED007F254F /* AFURLResponseSerialization.m */ = {isa = PBXFileReference; fileEncoding = 4; lastKnownFileType = sourcecode.c.objc; path = AFURLResponseSerialization.m; sourceTree = "<group>"; };
		0083B7EB19B4DFED007F254F /* AFURLSessionManager.h */ = {isa = PBXFileReference; fileEncoding = 4; lastKnownFileType = sourcecode.c.h; path = AFURLSessionManager.h; sourceTree = "<group>"; };
		0083B7EC19B4DFED007F254F /* AFURLSessionManager.m */ = {isa = PBXFileReference; fileEncoding = 4; lastKnownFileType = sourcecode.c.objc; path = AFURLSessionManager.m; sourceTree = "<group>"; };
		00E0516619B1DE2400F4D98D /* LFWebServiceClient.h */ = {isa = PBXFileReference; fileEncoding = 4; lastKnownFileType = sourcecode.c.h; path = LFWebServiceClient.h; sourceTree = "<group>"; };
		00E0516719B1DE2400F4D98D /* LFWebServiceClient.m */ = {isa = PBXFileReference; fileEncoding = 4; lastKnownFileType = sourcecode.c.objc; path = LFWebServiceClient.m; sourceTree = "<group>"; };
/* End PBXFileReference section */

/* Begin PBXFrameworksBuildPhase section */
		000A33C819B19D030081182C /* Frameworks */ = {
			isa = PBXFrameworksBuildPhase;
			buildActionMask = 2147483647;
			files = (
				000A341319B1A4FC0081182C /* CoreLocation.framework in Frameworks */,
				000A33D119B19D030081182C /* CoreGraphics.framework in Frameworks */,
				000A33D319B19D030081182C /* UIKit.framework in Frameworks */,
				000A33CF19B19D030081182C /* Foundation.framework in Frameworks */,
			);
			runOnlyForDeploymentPostprocessing = 0;
		};
		000A33E919B19D030081182C /* Frameworks */ = {
			isa = PBXFrameworksBuildPhase;
			buildActionMask = 2147483647;
			files = (
				000A33EE19B19D030081182C /* XCTest.framework in Frameworks */,
				000A33F019B19D030081182C /* UIKit.framework in Frameworks */,
				000A33EF19B19D030081182C /* Foundation.framework in Frameworks */,
			);
			runOnlyForDeploymentPostprocessing = 0;
		};
/* End PBXFrameworksBuildPhase section */

/* Begin PBXGroup section */
		000A33C219B19D030081182C = {
			isa = PBXGroup;
			children = (
				000A33D419B19D030081182C /* LocationFetchPOC */,
				000A33F319B19D030081182C /* LocationFetchPOCTests */,
				000A33CD19B19D030081182C /* Frameworks */,
				000A33CC19B19D030081182C /* Products */,
			);
			sourceTree = "<group>";
		};
		000A33CC19B19D030081182C /* Products */ = {
			isa = PBXGroup;
			children = (
				000A33CB19B19D030081182C /* LocationFetchPOC.app */,
				000A33EC19B19D030081182C /* LocationFetchPOCTests.xctest */,
			);
			name = Products;
			sourceTree = "<group>";
		};
		000A33CD19B19D030081182C /* Frameworks */ = {
			isa = PBXGroup;
			children = (
				000A341219B1A4FC0081182C /* CoreLocation.framework */,
				000A33CE19B19D030081182C /* Foundation.framework */,
				000A33D019B19D030081182C /* CoreGraphics.framework */,
				000A33D219B19D030081182C /* UIKit.framework */,
				000A33ED19B19D030081182C /* XCTest.framework */,
			);
			name = Frameworks;
			sourceTree = "<group>";
		};
		000A33D419B19D030081182C /* LocationFetchPOC */ = {
			isa = PBXGroup;
			children = (
				000A340C19B19ECB0081182C /* ThirdPartyFrameworks */,
				000A340D19B19ECB0081182C /* Utils */,
				000A340319B19D660081182C /* Controller */,
				000A340619B19D660081182C /* View */,
				000A340719B19D660081182C /* Model */,
				000A33DD19B19D030081182C /* LFAppDelegate.h */,
				000A33DE19B19D030081182C /* LFAppDelegate.m */,
				000A33E619B19D030081182C /* Images.xcassets */,
				000A33D519B19D030081182C /* Supporting Files */,
			);
			path = LocationFetchPOC;
			sourceTree = "<group>";
		};
		000A33D519B19D030081182C /* Supporting Files */ = {
			isa = PBXGroup;
			children = (
				000A33D619B19D030081182C /* LocationFetchPOC-Info.plist */,
				000A33D719B19D030081182C /* InfoPlist.strings */,
				000A33DA19B19D030081182C /* main.m */,
				000A33DC19B19D030081182C /* LocationFetchPOC-Prefix.pch */,
			);
			name = "Supporting Files";
			sourceTree = "<group>";
		};
		000A33F319B19D030081182C /* LocationFetchPOCTests */ = {
			isa = PBXGroup;
			children = (
				000A33F919B19D030081182C /* LocationFetchPOCTests.m */,
				000A33F419B19D030081182C /* Supporting Files */,
			);
			path = LocationFetchPOCTests;
			sourceTree = "<group>";
		};
		000A33F419B19D030081182C /* Supporting Files */ = {
			isa = PBXGroup;
			children = (
				000A33F519B19D030081182C /* LocationFetchPOCTests-Info.plist */,
				000A33F619B19D030081182C /* InfoPlist.strings */,
			);
			name = "Supporting Files";
			sourceTree = "<group>";
		};
		000A340319B19D660081182C /* Controller */ = {
			isa = PBXGroup;
			children = (
				000A340419B19D660081182C /* LFViewController.h */,
				000A340519B19D660081182C /* LFViewController.m */,
			);
			path = Controller;
			sourceTree = "<group>";
		};
		000A340619B19D660081182C /* View */ = {
			isa = PBXGroup;
			children = (
				000A33E019B19D030081182C /* Main.storyboard */,
			);
			path = View;
			sourceTree = "<group>";
		};
		000A340719B19D660081182C /* Model */ = {
			isa = PBXGroup;
			children = (
				00E0516519B1D87D00F4D98D /* WebserviceClient */,
				000A340919B19EA60081182C /* LFUserDataModel.h */,
				000A340A19B19EA60081182C /* LFUserDataModel.m */,
			);
			path = Model;
			sourceTree = "<group>";
		};
		000A340C19B19ECB0081182C /* ThirdPartyFrameworks */ = {
			isa = PBXGroup;
			children = (
				0083B7D919B4DFED007F254F /* AFNetworking */,
			);
			path = ThirdPartyFrameworks;
			sourceTree = "<group>";
		};
		000A340D19B19ECB0081182C /* Utils */ = {
			isa = PBXGroup;
			children = (
				000A341119B19F4A0081182C /* LFAppConstatnts.h */,
			);
			path = Utils;
			sourceTree = "<group>";
		};
		0083B7D919B4DFED007F254F /* AFNetworking */ = {
			isa = PBXGroup;
			children = (
				0083B7DA19B4DFED007F254F /* AFHTTPRequestOperation.h */,
				0083B7DB19B4DFED007F254F /* AFHTTPRequestOperation.m */,
				0083B7DC19B4DFED007F254F /* AFHTTPRequestOperationManager.h */,
				0083B7DD19B4DFED007F254F /* AFHTTPRequestOperationManager.m */,
				0083B7DE19B4DFED007F254F /* AFHTTPSessionManager.h */,
				0083B7DF19B4DFED007F254F /* AFHTTPSessionManager.m */,
				0083B7E019B4DFED007F254F /* AFNetworking.h */,
				0083B7E119B4DFED007F254F /* AFNetworkReachabilityManager.h */,
				0083B7E219B4DFED007F254F /* AFNetworkReachabilityManager.m */,
				0083B7E319B4DFED007F254F /* AFSecurityPolicy.h */,
				0083B7E419B4DFED007F254F /* AFSecurityPolicy.m */,
				0083B7E519B4DFED007F254F /* AFURLConnectionOperation.h */,
				0083B7E619B4DFED007F254F /* AFURLConnectionOperation.m */,
				0083B7E719B4DFED007F254F /* AFURLRequestSerialization.h */,
				0083B7E819B4DFED007F254F /* AFURLRequestSerialization.m */,
				0083B7E919B4DFED007F254F /* AFURLResponseSerialization.h */,
				0083B7EA19B4DFED007F254F /* AFURLResponseSerialization.m */,
				0083B7EB19B4DFED007F254F /* AFURLSessionManager.h */,
				0083B7EC19B4DFED007F254F /* AFURLSessionManager.m */,
			);
			path = AFNetworking;
			sourceTree = "<group>";
		};
		00E0516519B1D87D00F4D98D /* WebserviceClient */ = {
			isa = PBXGroup;
			children = (
				00E0516619B1DE2400F4D98D /* LFWebServiceClient.h */,
				00E0516719B1DE2400F4D98D /* LFWebServiceClient.m */,
			);
			path = WebserviceClient;
			sourceTree = "<group>";
		};
/* End PBXGroup section */

/* Begin PBXNativeTarget section */
		000A33CA19B19D030081182C /* LocationFetchPOC */ = {
			isa = PBXNativeTarget;
			buildConfigurationList = 000A33FD19B19D030081182C /* Build configuration list for PBXNativeTarget "LocationFetchPOC" */;
			buildPhases = (
				000A33C719B19D030081182C /* Sources */,
				000A33C819B19D030081182C /* Frameworks */,
				000A33C919B19D030081182C /* Resources */,
			);
			buildRules = (
			);
			dependencies = (
			);
			name = LocationFetchPOC;
			productName = LocationFetchPOC;
			productReference = 000A33CB19B19D030081182C /* LocationFetchPOC.app */;
			productType = "com.apple.product-type.application";
		};
		000A33EB19B19D030081182C /* LocationFetchPOCTests */ = {
			isa = PBXNativeTarget;
			buildConfigurationList = 000A340019B19D030081182C /* Build configuration list for PBXNativeTarget "LocationFetchPOCTests" */;
			buildPhases = (
				000A33E819B19D030081182C /* Sources */,
				000A33E919B19D030081182C /* Frameworks */,
				000A33EA19B19D030081182C /* Resources */,
			);
			buildRules = (
			);
			dependencies = (
				000A33F219B19D030081182C /* PBXTargetDependency */,
			);
			name = LocationFetchPOCTests;
			productName = LocationFetchPOCTests;
			productReference = 000A33EC19B19D030081182C /* LocationFetchPOCTests.xctest */;
			productType = "com.apple.product-type.bundle.unit-test";
		};
/* End PBXNativeTarget section */

/* Begin PBXProject section */
		000A33C319B19D030081182C /* Project object */ = {
			isa = PBXProject;
			attributes = {
				CLASSPREFIX = LF;
				LastUpgradeCheck = 0510;
				ORGANIZATIONNAME = "Marimuthu Govindasamy";
				TargetAttributes = {
					000A33EB19B19D030081182C = {
						TestTargetID = 000A33CA19B19D030081182C;
					};
				};
			};
			buildConfigurationList = 000A33C619B19D030081182C /* Build configuration list for PBXProject "LocationFetchPOC" */;
			compatibilityVersion = "Xcode 3.2";
			developmentRegion = English;
			hasScannedForEncodings = 0;
			knownRegions = (
				en,
				Base,
			);
			mainGroup = 000A33C219B19D030081182C;
			productRefGroup = 000A33CC19B19D030081182C /* Products */;
			projectDirPath = "";
			projectRoot = "";
			targets = (
				000A33CA19B19D030081182C /* LocationFetchPOC */,
				000A33EB19B19D030081182C /* LocationFetchPOCTests */,
			);
		};
/* End PBXProject section */

/* Begin PBXResourcesBuildPhase section */
		000A33C919B19D030081182C /* Resources */ = {
			isa = PBXResourcesBuildPhase;
			buildActionMask = 2147483647;
			files = (
				000A33E719B19D030081182C /* Images.xcassets in Resources */,
				000A33D919B19D030081182C /* InfoPlist.strings in Resources */,
				000A33E219B19D030081182C /* Main.storyboard in Resources */,
			);
			runOnlyForDeploymentPostprocessing = 0;
		};
		000A33EA19B19D030081182C /* Resources */ = {
			isa = PBXResourcesBuildPhase;
			buildActionMask = 2147483647;
			files = (
				000A33F819B19D030081182C /* InfoPlist.strings in Resources */,
			);
			runOnlyForDeploymentPostprocessing = 0;
		};
/* End PBXResourcesBuildPhase section */

/* Begin PBXSourcesBuildPhase section */
		000A33C719B19D030081182C /* Sources */ = {
			isa = PBXSourcesBuildPhase;
			buildActionMask = 2147483647;
			files = (
				0083B7F219B4DFED007F254F /* AFURLConnectionOperation.m in Sources */,
				0083B7ED19B4DFED007F254F /* AFHTTPRequestOperation.m in Sources */,
				0083B7F019B4DFED007F254F /* AFNetworkReachabilityManager.m in Sources */,
				0083B7F519B4DFED007F254F /* AFURLSessionManager.m in Sources */,
				0083B7F319B4DFED007F254F /* AFURLRequestSerialization.m in Sources */,
				000A340B19B19EA60081182C /* LFUserDataModel.m in Sources */,
				0083B7F419B4DFED007F254F /* AFURLResponseSerialization.m in Sources */,
				000A33DF19B19D030081182C /* LFAppDelegate.m in Sources */,
				00E0516819B1DE2400F4D98D /* LFWebServiceClient.m in Sources */,
				0083B7EE19B4DFED007F254F /* AFHTTPRequestOperationManager.m in Sources */,
				0083B7F119B4DFED007F254F /* AFSecurityPolicy.m in Sources */,
				000A33DB19B19D030081182C /* main.m in Sources */,
				000A340819B19D660081182C /* LFViewController.m in Sources */,
				0083B7EF19B4DFED007F254F /* AFHTTPSessionManager.m in Sources */,
			);
			runOnlyForDeploymentPostprocessing = 0;
		};
		000A33E819B19D030081182C /* Sources */ = {
			isa = PBXSourcesBuildPhase;
			buildActionMask = 2147483647;
			files = (
				000A33FA19B19D030081182C /* LocationFetchPOCTests.m in Sources */,
			);
			runOnlyForDeploymentPostprocessing = 0;
		};
/* End PBXSourcesBuildPhase section */

/* Begin PBXTargetDependency section */
		000A33F219B19D030081182C /* PBXTargetDependency */ = {
			isa = PBXTargetDependency;
			target = 000A33CA19B19D030081182C /* LocationFetchPOC */;
			targetProxy = 000A33F119B19D030081182C /* PBXContainerItemProxy */;
		};
/* End PBXTargetDependency section */

/* Begin PBXVariantGroup section */
		000A33D719B19D030081182C /* InfoPlist.strings */ = {
			isa = PBXVariantGroup;
			children = (
				000A33D819B19D030081182C /* en */,
			);
			name = InfoPlist.strings;
			sourceTree = "<group>";
		};
		000A33E019B19D030081182C /* Main.storyboard */ = {
			isa = PBXVariantGroup;
			children = (
				000A33E119B19D030081182C /* Base */,
			);
			name = Main.storyboard;
			path = ..;
			sourceTree = "<group>";
		};
		000A33F619B19D030081182C /* InfoPlist.strings */ = {
			isa = PBXVariantGroup;
			children = (
				000A33F719B19D030081182C /* en */,
			);
			name = InfoPlist.strings;
			sourceTree = "<group>";
		};
/* End PBXVariantGroup section */

/* Begin XCBuildConfiguration section */
		000A33FB19B19D030081182C /* Debug */ = {
			isa = XCBuildConfiguration;
			buildSettings = {
				ALWAYS_SEARCH_USER_PATHS = NO;
				CLANG_CXX_LANGUAGE_STANDARD = "gnu++0x";
				CLANG_CXX_LIBRARY = "libc++";
				CLANG_ENABLE_MODULES = YES;
				CLANG_ENABLE_OBJC_ARC = YES;
				CLANG_WARN_BOOL_CONVERSION = YES;
				CLANG_WARN_CONSTANT_CONVERSION = YES;
				CLANG_WARN_DIRECT_OBJC_ISA_USAGE = YES_ERROR;
				CLANG_WARN_EMPTY_BODY = YES;
				CLANG_WARN_ENUM_CONVERSION = YES;
				CLANG_WARN_INT_CONVERSION = YES;
				CLANG_WARN_OBJC_ROOT_CLASS = YES_ERROR;
				CLANG_WARN__DUPLICATE_METHOD_MATCH = YES;
				"CODE_SIGN_IDENTITY[sdk=iphoneos*]" = "iPhone Developer";
				COPY_PHASE_STRIP = NO;
				GCC_C_LANGUAGE_STANDARD = gnu99;
				GCC_DYNAMIC_NO_PIC = NO;
				GCC_OPTIMIZATION_LEVEL = 0;
				GCC_PREPROCESSOR_DEFINITIONS = (
					"DEBUG=1",
					"$(inherited)",
				);
				GCC_SYMBOLS_PRIVATE_EXTERN = NO;
				GCC_WARN_64_TO_32_BIT_CONVERSION = YES;
				GCC_WARN_ABOUT_RETURN_TYPE = YES_ERROR;
				GCC_WARN_UNDECLARED_SELECTOR = YES;
				GCC_WARN_UNINITIALIZED_AUTOS = YES_AGGRESSIVE;
				GCC_WARN_UNUSED_FUNCTION = YES;
				GCC_WARN_UNUSED_VARIABLE = YES;
				IPHONEOS_DEPLOYMENT_TARGET = 7.1;
				ONLY_ACTIVE_ARCH = YES;
				SDKROOT = iphoneos;
			};
			name = Debug;
		};
		000A33FC19B19D030081182C /* Release */ = {
			isa = XCBuildConfiguration;
			buildSettings = {
				ALWAYS_SEARCH_USER_PATHS = NO;
				CLANG_CXX_LANGUAGE_STANDARD = "gnu++0x";
				CLANG_CXX_LIBRARY = "libc++";
				CLANG_ENABLE_MODULES = YES;
				CLANG_ENABLE_OBJC_ARC = YES;
				CLANG_WARN_BOOL_CONVERSION = YES;
				CLANG_WARN_CONSTANT_CONVERSION = YES;
				CLANG_WARN_DIRECT_OBJC_ISA_USAGE = YES_ERROR;
				CLANG_WARN_EMPTY_BODY = YES;
				CLANG_WARN_ENUM_CONVERSION = YES;
				CLANG_WARN_INT_CONVERSION = YES;
				CLANG_WARN_OBJC_ROOT_CLASS = YES_ERROR;
				CLANG_WARN__DUPLICATE_METHOD_MATCH = YES;
				"CODE_SIGN_IDENTITY[sdk=iphoneos*]" = "iPhone Developer";
				COPY_PHASE_STRIP = YES;
				ENABLE_NS_ASSERTIONS = NO;
				GCC_C_LANGUAGE_STANDARD = gnu99;
				GCC_WARN_64_TO_32_BIT_CONVERSION = YES;
				GCC_WARN_ABOUT_RETURN_TYPE = YES_ERROR;
				GCC_WARN_UNDECLARED_SELECTOR = YES;
				GCC_WARN_UNINITIALIZED_AUTOS = YES_AGGRESSIVE;
				GCC_WARN_UNUSED_FUNCTION = YES;
				GCC_WARN_UNUSED_VARIABLE = YES;
				IPHONEOS_DEPLOYMENT_TARGET = 7.1;
				SDKROOT = iphoneos;
				VALIDATE_PRODUCT = YES;
			};
			name = Release;
		};
		000A33FE19B19D030081182C /* Debug */ = {
			isa = XCBuildConfiguration;
			buildSettings = {
				ASSETCATALOG_COMPILER_APPICON_NAME = AppIcon;
				ASSETCATALOG_COMPILER_LAUNCHIMAGE_NAME = LaunchImage;
				GCC_PRECOMPILE_PREFIX_HEADER = YES;
				GCC_PREFIX_HEADER = "LocationFetchPOC/LocationFetchPOC-Prefix.pch";
				INFOPLIST_FILE = "LocationFetchPOC/LocationFetchPOC-Info.plist";
				PRODUCT_NAME = "$(TARGET_NAME)";
				WRAPPER_EXTENSION = app;
			};
			name = Debug;
		};
		000A33FF19B19D030081182C /* Release */ = {
			isa = XCBuildConfiguration;
			buildSettings = {
				ASSETCATALOG_COMPILER_APPICON_NAME = AppIcon;
				ASSETCATALOG_COMPILER_LAUNCHIMAGE_NAME = LaunchImage;
				GCC_PRECOMPILE_PREFIX_HEADER = YES;
				GCC_PREFIX_HEADER = "LocationFetchPOC/LocationFetchPOC-Prefix.pch";
				INFOPLIST_FILE = "LocationFetchPOC/LocationFetchPOC-Info.plist";
				PRODUCT_NAME = "$(TARGET_NAME)";
				WRAPPER_EXTENSION = app;
			};
			name = Release;
		};
		000A340119B19D030081182C /* Debug */ = {
			isa = XCBuildConfiguration;
			buildSettings = {
				BUNDLE_LOADER = "$(BUILT_PRODUCTS_DIR)/LocationFetchPOC.app/LocationFetchPOC";
				FRAMEWORK_SEARCH_PATHS = (
					"$(SDKROOT)/Developer/Library/Frameworks",
					"$(inherited)",
					"$(DEVELOPER_FRAMEWORKS_DIR)",
				);
				GCC_PRECOMPILE_PREFIX_HEADER = YES;
				GCC_PREFIX_HEADER = "LocationFetchPOC/LocationFetchPOC-Prefix.pch";
				GCC_PREPROCESSOR_DEFINITIONS = (
					"DEBUG=1",
					"$(inherited)",
				);
				INFOPLIST_FILE = "LocationFetchPOCTests/LocationFetchPOCTests-Info.plist";
				PRODUCT_NAME = "$(TARGET_NAME)";
				TEST_HOST = "$(BUNDLE_LOADER)";
				WRAPPER_EXTENSION = xctest;
			};
			name = Debug;
		};
		000A340219B19D030081182C /* Release */ = {
			isa = XCBuildConfiguration;
			buildSettings = {
				BUNDLE_LOADER = "$(BUILT_PRODUCTS_DIR)/LocationFetchPOC.app/LocationFetchPOC";
				FRAMEWORK_SEARCH_PATHS = (
					"$(SDKROOT)/Developer/Library/Frameworks",
					"$(inherited)",
					"$(DEVELOPER_FRAMEWORKS_DIR)",
				);
				GCC_PRECOMPILE_PREFIX_HEADER = YES;
				GCC_PREFIX_HEADER = "LocationFetchPOC/LocationFetchPOC-Prefix.pch";
				INFOPLIST_FILE = "LocationFetchPOCTests/LocationFetchPOCTests-Info.plist";
				PRODUCT_NAME = "$(TARGET_NAME)";
				TEST_HOST = "$(BUNDLE_LOADER)";
				WRAPPER_EXTENSION = xctest;
			};
			name = Release;
		};
/* End XCBuildConfiguration section */

/* Begin XCConfigurationList section */
		000A33C619B19D030081182C /* Build configuration list for PBXProject "LocationFetchPOC" */ = {
			isa = XCConfigurationList;
			buildConfigurations = (
				000A33FB19B19D030081182C /* Debug */,
				000A33FC19B19D030081182C /* Release */,
			);
			defaultConfigurationIsVisible = 0;
			defaultConfigurationName = Release;
		};
		000A33FD19B19D030081182C /* Build configuration list for PBXNativeTarget "LocationFetchPOC" */ = {
			isa = XCConfigurationList;
			buildConfigurations = (
				000A33FE19B19D030081182C /* Debug */,
				000A33FF19B19D030081182C /* Release */,
			);
			defaultConfigurationIsVisible = 0;
			defaultConfigurationName = Release;
		};
		000A340019B19D030081182C /* Build configuration list for PBXNativeTarget "LocationFetchPOCTests" */ = {
			isa = XCConfigurationList;
			buildConfigurations = (
				000A340119B19D030081182C /* Debug */,
				000A340219B19D030081182C /* Release */,
			);
			defaultConfigurationIsVisible = 0;
			defaultConfigurationName = Release;
		};
/* End XCConfigurationList section */
	};
	rootObject = 000A33C319B19D030081182C /* Project object */;
}
